// !$*UTF8*$!
{
	archiveVersion = 1;
	classes = {
	};
	objectVersion = 50;
	objects = {

/* Begin PBXBuildFile section */
		818AB59F2454AAE900D7F3AF /* AppDelegate.swift in Sources */ = {isa = PBXBuildFile; fileRef = 818AB59E2454AAE900D7F3AF /* AppDelegate.swift */; };
		818AB5A12454AAE900D7F3AF /* SceneDelegate.swift in Sources */ = {isa = PBXBuildFile; fileRef = 818AB5A02454AAE900D7F3AF /* SceneDelegate.swift */; };
		818AB5A32454AAE900D7F3AF /* ViewController.swift in Sources */ = {isa = PBXBuildFile; fileRef = 818AB5A22454AAE900D7F3AF /* ViewController.swift */; };
		818AB5A62454AAE900D7F3AF /* Main.storyboard in Resources */ = {isa = PBXBuildFile; fileRef = 818AB5A42454AAE900D7F3AF /* Main.storyboard */; };
		818AB5A82454AAEA00D7F3AF /* Assets.xcassets in Resources */ = {isa = PBXBuildFile; fileRef = 818AB5A72454AAEA00D7F3AF /* Assets.xcassets */; };
		818AB5AB2454AAEA00D7F3AF /* LaunchScreen.storyboard in Resources */ = {isa = PBXBuildFile; fileRef = 818AB5A92454AAEA00D7F3AF /* LaunchScreen.storyboard */; };
/* End PBXBuildFile section */

/* Begin PBXFileReference section */
		818AB59B2454AAE900D7F3AF /* EndtermProjectApplication.app */ = {isa = PBXFileReference; explicitFileType = wrapper.application; includeInIndex = 0; path = EndtermProjectApplication.app; sourceTree = BUILT_PRODUCTS_DIR; };
		818AB59E2454AAE900D7F3AF /* AppDelegate.swift */ = {isa = PBXFileReference; lastKnownFileType = sourcecode.swift; path = AppDelegate.swift; sourceTree = "<group>"; };
		818AB5A02454AAE900D7F3AF /* SceneDelegate.swift */ = {isa = PBXFileReference; lastKnownFileType = sourcecode.swift; path = SceneDelegate.swift; sourceTree = "<group>"; };
		818AB5A22454AAE900D7F3AF /* ViewController.swift */ = {isa = PBXFileReference; lastKnownFileType = sourcecode.swift; path = ViewController.swift; sourceTree = "<group>"; };
		818AB5A52454AAE900D7F3AF /* Base */ = {isa = PBXFileReference; lastKnownFileType = file.storyboard; name = Base; path = Base.lproj/Main.storyboard; sourceTree = "<group>"; };
		818AB5A72454AAEA00D7F3AF /* Assets.xcassets */ = {isa = PBXFileReference; lastKnownFileType = folder.assetcatalog; path = Assets.xcassets; sourceTree = "<group>"; };
		818AB5AA2454AAEA00D7F3AF /* Base */ = {isa = PBXFileReference; lastKnownFileType = file.storyboard; name = Base; path = Base.lproj/LaunchScreen.storyboard; sourceTree = "<group>"; };
		818AB5AC2454AAEA00D7F3AF /* Info.plist */ = {isa = PBXFileReference; lastKnownFileType = text.plist.xml; path = Info.plist; sourceTree = "<group>"; };
/* End PBXFileReference section */

/* Begin PBXFrameworksBuildPhase section */
		818AB5982454AAE900D7F3AF /* Frameworks */ = {
			isa = PBXFrameworksBuildPhase;
			buildActionMask = 2147483647;
			files = (
			);
			runOnlyForDeploymentPostprocessing = 0;
		};
/* End PBXFrameworksBuildPhase section */

/* Begin PBXGroup section */
		818AB5922454AAE900D7F3AF = {
			isa = PBXGroup;
			children = (
				818AB59D2454AAE900D7F3AF /* EndtermProjectApplication */,
				818AB59C2454AAE900D7F3AF /* Products */,
			);
			sourceTree = "<group>";
		};
		818AB59C2454AAE900D7F3AF /* Products */ = {
			isa = PBXGroup;
			children = (
				818AB59B2454AAE900D7F3AF /* EndtermProjectApplication.app */,
			);
			name = Products;
			sourceTree = "<group>";
		};
		818AB59D2454AAE900D7F3AF /* EndtermProjectApplication */ = {
			isa = PBXGroup;
			children = (
				818AB59E2454AAE900D7F3AF /* AppDelegate.swift */,
				818AB5A02454AAE900D7F3AF /* SceneDelegate.swift */,
				818AB5A22454AAE900D7F3AF /* ViewController.swift */,
				818AB5A42454AAE900D7F3AF /* Main.storyboard */,
				818AB5A72454AAEA00D7F3AF /* Assets.xcassets */,
				818AB5A92454AAEA00D7F3AF /* LaunchScreen.storyboard */,
				818AB5AC2454AAEA00D7F3AF /* Info.plist */,
			);
			path = EndtermProjectApplication;
			sourceTree = "<group>";
		};
/* End PBXGroup section */

/* Begin PBXNativeTarget section */
		818AB59A2454AAE900D7F3AF /* EndtermProjectApplication */ = {
			isa = PBXNativeTarget;
			buildConfigurationList = 818AB5AF2454AAEA00D7F3AF /* Build configuration list for PBXNativeTarget "EndtermProjectApplication" */;
			buildPhases = (
				818AB5972454AAE900D7F3AF /* Sources */,
				818AB5982454AAE900D7F3AF /* Frameworks */,
				818AB5992454AAE900D7F3AF /* Resources */,
			);
			buildRules = (
			);
			dependencies = (
			);
			name = EndtermProjectApplication;
			productName = EndtermProjectApplication;
			productReference = 818AB59B2454AAE900D7F3AF /* EndtermProjectApplication.app */;
			productType = "com.apple.product-type.application";
		};
/* End PBXNativeTarget section */

/* Begin PBXProject section */
		818AB5932454AAE900D7F3AF /* Project object */ = {
			isa = PBXProject;
			attributes = {
				LastSwiftUpdateCheck = 1130;
				LastUpgradeCheck = 1130;
				ORGANIZATIONNAME = "Бурибеков Даурен";
				TargetAttributes = {
					818AB59A2454AAE900D7F3AF = {
						CreatedOnToolsVersion = 11.3.1;
					};
				};
			};
			buildConfigurationList = 818AB5962454AAE900D7F3AF /* Build configuration list for PBXProject "EndtermProjectApplication" */;
			compatibilityVersion = "Xcode 9.3";
			developmentRegion = en;
			hasScannedForEncodings = 0;
			knownRegions = (
				en,
				Base,
			);
			mainGroup = 818AB5922454AAE900D7F3AF;
			productRefGroup = 818AB59C2454AAE900D7F3AF /* Products */;
			projectDirPath = "";
			projectRoot = "";
			targets = (
				818AB59A2454AAE900D7F3AF /* EndtermProjectApplication */,
			);
		};
/* End PBXProject section */

/* Begin PBXResourcesBuildPhase section */
		818AB5992454AAE900D7F3AF /* Resources */ = {
			isa = PBXResourcesBuildPhase;
			buildActionMask = 2147483647;
			files = (
				818AB5AB2454AAEA00D7F3AF /* LaunchScreen.storyboard in Resources */,
				818AB5A82454AAEA00D7F3AF /* Assets.xcassets in Resources */,
				818AB5A62454AAE900D7F3AF /* Main.storyboard in Resources */,
			);
			runOnlyForDeploymentPostprocessing = 0;
		};
/* End PBXResourcesBuildPhase section */

/* Begin PBXSourcesBuildPhase section */
		818AB5972454AAE900D7F3AF /* Sources */ = {
			isa = PBXSourcesBuildPhase;
			buildActionMask = 2147483647;
			files = (
				818AB5A32454AAE900D7F3AF /* ViewController.swift in Sources */,
				818AB59F2454AAE900D7F3AF /* AppDelegate.swift in Sources */,
				818AB5A12454AAE900D7F3AF /* SceneDelegate.swift in Sources */,
			);
			runOnlyForDeploymentPostprocessing = 0;
		};
/* End PBXSourcesBuildPhase section */

/* Begin PBXVariantGroup section */
		818AB5A42454AAE900D7F3AF /* Main.storyboard */ = {
			isa = PBXVariantGroup;
			children = (
				818AB5A52454AAE900D7F3AF /* Base */,
			);
			name = Main.storyboard;
			sourceTree = "<group>";
		};
		818AB5A92454AAEA00D7F3AF /* LaunchScreen.storyboard */ = {
			isa = PBXVariantGroup;
			children = (
				818AB5AA2454AAEA00D7F3AF /* Base */,
			);
			name = LaunchScreen.storyboard;
			sourceTree = "<group>";
		};
/* End PBXVariantGroup section */

/* Begin XCBuildConfiguration section */
		818AB5AD2454AAEA00D7F3AF /* Debug */ = {
			isa = XCBuildConfiguration;
			buildSettings = {
				ALWAYS_SEARCH_USER_PATHS = NO;
				CLANG_ANALYZER_NONNULL = YES;
				CLANG_ANALYZER_NUMBER_OBJECT_CONVERSION = YES_AGGRESSIVE;
				CLANG_CXX_LANGUAGE_STANDARD = "gnu++14";
				CLANG_CXX_LIBRARY = "libc++";
				CLANG_ENABLE_MODULES = YES;
				CLANG_ENABLE_OBJC_ARC = YES;
				CLANG_ENABLE_OBJC_WEAK = YES;
				CLANG_WARN_BLOCK_CAPTURE_AUTORELEASING = YES;
				CLANG_WARN_BOOL_CONVERSION = YES;
				CLANG_WARN_COMMA = YES;
				CLANG_WARN_CONSTANT_CONVERSION = YES;
				CLANG_WARN_DEPRECATED_OBJC_IMPLEMENTATIONS = YES;
				CLANG_WARN_DIRECT_OBJC_ISA_USAGE = YES_ERROR;
				CLANG_WARN_DOCUMENTATION_COMMENTS = YES;
				CLANG_WARN_EMPTY_BODY = YES;
				CLANG_WARN_ENUM_CONVERSION = YES;
				CLANG_WARN_INFINITE_RECURSION = YES;
				CLANG_WARN_INT_CONVERSION = YES;
				CLANG_WARN_NON_LITERAL_NULL_CONVERSION = YES;
				CLANG_WARN_OBJC_IMPLICIT_RETAIN_SELF = YES;
				CLANG_WARN_OBJC_LITERAL_CONVERSION = YES;
				CLANG_WARN_OBJC_ROOT_CLASS = YES_ERROR;
				CLANG_WARN_RANGE_LOOP_ANALYSIS = YES;
				CLANG_WARN_STRICT_PROTOTYPES = YES;
				CLANG_WARN_SUSPICIOUS_MOVE = YES;
				CLANG_WARN_UNGUARDED_AVAILABILITY = YES_AGGRESSIVE;
				CLANG_WARN_UNREACHABLE_CODE = YES;
				CLANG_WARN__DUPLICATE_METHOD_MATCH = YES;
				COPY_PHASE_STRIP = NO;
				DEBUG_INFORMATION_FORMAT = dwarf;
				ENABLE_STRICT_OBJC_MSGSEND = YES;
				ENABLE_TESTABILITY = YES;
				GCC_C_LANGUAGE_STANDARD = gnu11;
				GCC_DYNAMIC_NO_PIC = NO;
				GCC_NO_COMMON_BLOCKS = YES;
				GCC_OPTIMIZATION_LEVEL = 0;
				GCC_PREPROCESSOR_DEFINITIONS = (
					"DEBUG=1",
					"$(inherited)",
				);
				GCC_WARN_64_TO_32_BIT_CONVERSION = YES;
				GCC_WARN_ABOUT_RETURN_TYPE = YES_ERROR;
				GCC_WARN_UNDECLARED_SELECTOR = YES;
				GCC_WARN_UNINITIALIZED_AUTOS = YES_AGGRESSIVE;
				GCC_WARN_UNUSED_FUNCTION = YES;
				GCC_WARN_UNUSED_VARIABLE = YES;
				IPHONEOS_DEPLOYMENT_TARGET = 13.2;
				MTL_ENABLE_DEBUG_INFO = INCLUDE_SOURCE;
				MTL_FAST_MATH = YES;
				ONLY_ACTIVE_ARCH = YES;
				SDKROOT = iphoneos;
				SWIFT_ACTIVE_COMPILATION_CONDITIONS = DEBUG;
				SWIFT_OPTIMIZATION_LEVEL = "-Onone";
			};
			name = Debug;
		};
		818AB5AE2454AAEA00D7F3AF /* Release */ = {
			isa = XCBuildConfiguration;
			buildSettings = {
				ALWAYS_SEARCH_USER_PATHS = NO;
				CLANG_ANALYZER_NONNULL = YES;
				CLANG_ANALYZER_NUMBER_OBJECT_CONVERSION = YES_AGGRESSIVE;
				CLANG_CXX_LANGUAGE_STANDARD = "gnu++14";
				CLANG_CXX_LIBRARY = "libc++";
				CLANG_ENABLE_MODULES = YES;
				CLANG_ENABLE_OBJC_ARC = YES;
				CLANG_ENABLE_OBJC_WEAK = YES;
				CLANG_WARN_BLOCK_CAPTURE_AUTORELEASING = YES;
				CLANG_WARN_BOOL_CONVERSION = YES;
				CLANG_WARN_COMMA = YES;
				CLANG_WARN_CONSTANT_CONVERSION = YES;
				CLANG_WARN_DEPRECATED_OBJC_IMPLEMENTATIONS = YES;
				CLANG_WARN_DIRECT_OBJC_ISA_USAGE = YES_ERROR;
				CLANG_WARN_DOCUMENTATION_COMMENTS = YES;
				CLANG_WARN_EMPTY_BODY = YES;
				CLANG_WARN_ENUM_CONVERSION = YES;
				CLANG_WARN_INFINITE_RECURSION = YES;
				CLANG_WARN_INT_CONVERSION = YES;
				CLANG_WARN_NON_LITERAL_NULL_CONVERSION = YES;
				CLANG_WARN_OBJC_IMPLICIT_RETAIN_SELF = YES;
				CLANG_WARN_OBJC_LITERAL_CONVERSION = YES;
				CLANG_WARN_OBJC_ROOT_CLASS = YES_ERROR;
				CLANG_WARN_RANGE_LOOP_ANALYSIS = YES;
				CLANG_WARN_STRICT_PROTOTYPES = YES;
				CLANG_WARN_SUSPICIOUS_MOVE = YES;
				CLANG_WARN_UNGUARDED_AVAILABILITY = YES_AGGRESSIVE;
				CLANG_WARN_UNREACHABLE_CODE = YES;
				CLANG_WARN__DUPLICATE_METHOD_MATCH = YES;
				COPY_PHASE_STRIP = NO;
				DEBUG_INFORMATION_FORMAT = "dwarf-with-dsym";
				ENABLE_NS_ASSERTIONS = NO;
				ENABLE_STRICT_OBJC_MSGSEND = YES;
				GCC_C_LANGUAGE_STANDARD = gnu11;
				GCC_NO_COMMON_BLOCKS = YES;
				GCC_WARN_64_TO_32_BIT_CONVERSION = YES;
				GCC_WARN_ABOUT_RETURN_TYPE = YES_ERROR;
				GCC_WARN_UNDECLARED_SELECTOR = YES;
				GCC_WARN_UNINITIALIZED_AUTOS = YES_AGGRESSIVE;
				GCC_WARN_UNUSED_FUNCTION = YES;
				GCC_WARN_UNUSED_VARIABLE = YES;
				IPHONEOS_DEPLOYMENT_TARGET = 13.2;
				MTL_ENABLE_DEBUG_INFO = NO;
				MTL_FAST_MATH = YES;
				SDKROOT = iphoneos;
				SWIFT_COMPILATION_MODE = wholemodule;
				SWIFT_OPTIMIZATION_LEVEL = "-O";
				VALIDATE_PRODUCT = YES;
			};
			name = Release;
		};
		818AB5B02454AAEA00D7F3AF /* Debug */ = {
			isa = XCBuildConfiguration;
			buildSettings = {
				ASSETCATALOG_COMPILER_APPICON_NAME = AppIcon;
				CODE_SIGN_STYLE = Automatic;
				DEVELOPMENT_TEAM = 3TP5DNKSJN;
				INFOPLIST_FILE = EndtermProjectApplication/Info.plist;
				LD_RUNPATH_SEARCH_PATHS = (
					"$(inherited)",
					"@executable_path/Frameworks",
				);
				PRODUCT_BUNDLE_IDENTIFIER = com.comporition.EndtermProjectApplication;
				PRODUCT_NAME = "$(TARGET_NAME)";
				SWIFT_VERSION = 5.0;
				TARGETED_DEVICE_FAMILY = "1,2";
			};
			name = Debug;
		};
		818AB5B12454AAEA00D7F3AF /* Release */ = {
			isa = XCBuildConfiguration;
			buildSettings = {
				ASSETCATALOG_COMPILER_APPICON_NAME = AppIcon;
				CODE_SIGN_STYLE = Automatic;
				DEVELOPMENT_TEAM = 3TP5DNKSJN;
				INFOPLIST_FILE = EndtermProjectApplication/Info.plist;
				LD_RUNPATH_SEARCH_PATHS = (
					"$(inherited)",
					"@executable_path/Frameworks",
				);
				PRODUCT_BUNDLE_IDENTIFIER = com.comporition.EndtermProjectApplication;
				PRODUCT_NAME = "$(TARGET_NAME)";
				SWIFT_VERSION = 5.0;
				TARGETED_DEVICE_FAMILY = "1,2";
			};
			name = Release;
		};
/* End XCBuildConfiguration section */

/* Begin XCConfigurationList section */
		818AB5962454AAE900D7F3AF /* Build configuration list for PBXProject "EndtermProjectApplication" */ = {
			isa = XCConfigurationList;
			buildConfigurations = (
				818AB5AD2454AAEA00D7F3AF /* Debug */,
				818AB5AE2454AAEA00D7F3AF /* Release */,
			);
			defaultConfigurationIsVisible = 0;
			defaultConfigurationName = Release;
		};
		818AB5AF2454AAEA00D7F3AF /* Build configuration list for PBXNativeTarget "EndtermProjectApplication" */ = {
			isa = XCConfigurationList;
			buildConfigurations = (
				818AB5B02454AAEA00D7F3AF /* Debug */,
				818AB5B12454AAEA00D7F3AF /* Release */,
			);
			defaultConfigurationIsVisible = 0;
			defaultConfigurationName = Release;
		};
/* End XCConfigurationList section */
	};
	rootObject = 818AB5932454AAE900D7F3AF /* Project object */;
}
